<?xml version="1.0" encoding="utf-8"?>
<Project ToolsVersion="4.0" xmlns="http://schemas.microsoft.com/developer/msbuild/2003">
  <ItemGroup>
    <Filter Include="Source Files">
      <UniqueIdentifier>{4FC737F1-C7A5-4376-A066-2A32D752A2FF}</UniqueIdentifier>
      <Extensions>cpp;c;cc;cxx;def;odl;idl;hpj;bat;asm;asmx</Extensions>
    </Filter>
    <Filter Include="Header Files">
      <UniqueIdentifier>{93995380-89BD-4b04-88EB-625FBE52EBFB}</UniqueIdentifier>
      <Extensions>h;hh;hpp;hxx;hm;inl;inc;xsd</Extensions>
    </Filter>
    <Filter Include="Resource Files">
      <UniqueIdentifier>{67DA6AB6-F800-4c08-8B7A-83BB121AAD01}</UniqueIdentifier>
      <Extensions>rc;ico;cur;bmp;dlg;rc2;rct;bin;rgs;gif;jpg;jpeg;jpe;resx;tiff;tif;png;wav;mfcribbon-ms</Extensions>
    </Filter>
    <Filter Include="Header Files\Resource Management">
      <UniqueIdentifier>{ed05285c-b346-4698-9f34-ac5e0960efb5}</UniqueIdentifier>
    </Filter>
    <Filter Include="Header Files\SDL Render">
      <UniqueIdentifier>{13ec481d-1c38-4770-9495-ae565774de89}</UniqueIdentifier>
    </Filter>
    <Filter Include="Header Files\Menus">
      <UniqueIdentifier>{4e0eea19-6d7e-4393-80cb-0ec1ab61f7aa}</UniqueIdentifier>
    </Filter>
    <Filter Include="Header Files\GUI Elements">
      <UniqueIdentifier>{e65c0913-c4b0-4747-adf4-eb76362f9605}</UniqueIdentifier>
    </Filter>
    <Filter Include="Header Files\Game States">
      <UniqueIdentifier>{352fa514-7b3f-4a72-85bd-dbf05eca3ed9}</UniqueIdentifier>
    </Filter>
    <Filter Include="Header Files\Entity Objects">
      <UniqueIdentifier>{e06c8003-4426-4d31-97a1-a1ebf502e38b}</UniqueIdentifier>
    </Filter>
    <Filter Include="Header Files\Main">
      <UniqueIdentifier>{b58de19c-ad6e-41c2-910b-f040b2740e1e}</UniqueIdentifier>
    </Filter>
    <Filter Include="Source Files\GUI Elements">
      <UniqueIdentifier>{0f5f5e7a-5101-4a6c-9e77-f1a67133541c}</UniqueIdentifier>
    </Filter>
    <Filter Include="Source Files\Game States">
      <UniqueIdentifier>{e9a5482e-98ba-4a66-9bd6-d6ae4adfae1e}</UniqueIdentifier>
    </Filter>
    <Filter Include="Source Files\Entity Objects">
      <UniqueIdentifier>{aecf090b-a22a-4590-8150-b18a49d46f64}</UniqueIdentifier>
    </Filter>
    <Filter Include="Source Files\Main">
      <UniqueIdentifier>{83cf4c44-2429-4e20-bf3d-5c531dbf7c89}</UniqueIdentifier>
    </Filter>
    <Filter Include="Source Files\SDL Render">
      <UniqueIdentifier>{f3000ec6-0a04-4072-b0f2-9772ad3726fd}</UniqueIdentifier>
    </Filter>
    <Filter Include="Source Files\Resource Management">
      <UniqueIdentifier>{c95912d0-34e3-41d5-bfcc-ff4f1d824535}</UniqueIdentifier>
    </Filter>
    <Filter Include="Source Files\Menus">
      <UniqueIdentifier>{bfce224e-fe5c-4001-b706-9eb08f1ee903}</UniqueIdentifier>
    </Filter>
    <Filter Include="Header Files\Utilities">
      <UniqueIdentifier>{c0947a05-e3c3-4161-ae29-bbb0b64c181c}</UniqueIdentifier>
    </Filter>
    <Filter Include="Source Files\Utilities">
      <UniqueIdentifier>{3bcb731a-8bdb-432a-8518-6633b8072968}</UniqueIdentifier>
    </Filter>
  </ItemGroup>
  <ItemGroup>
    <ClInclude Include="backbuffer.h">
      <Filter>Header Files\SDL Render</Filter>
    </ClInclude>
    <ClInclude Include="entity.h">
      <Filter>Header Files\Entity Objects</Filter>
    </ClInclude>
    <ClInclude Include="sprite.h">
      <Filter>Header Files\SDL Render</Filter>
    </ClInclude>
    <ClInclude Include="game.h">
      <Filter>Header Files\Main</Filter>
    </ClInclude>
    <ClInclude Include="state.h">
      <Filter>Header Files\Game States</Filter>
    </ClInclude>
    <ClInclude Include="gamestate.h">
      <Filter>Header Files\Game States</Filter>
    </ClInclude>
    <ClInclude Include="menustate.h">
      <Filter>Header Files\Game States</Filter>
    </ClInclude>
    <ClInclude Include="gameutils.h">
      <Filter>Header Files\Utilities</Filter>
    </ClInclude>
    <ClInclude Include="uielement.h">
      <Filter>Header Files\GUI Elements</Filter>
    </ClInclude>
    <ClInclude Include="image.h">
      <Filter>Header Files\GUI Elements</Filter>
    </ClInclude>
    <ClInclude Include="inputhandler.h">
      <Filter>Header Files\Resource Management</Filter>
    </ClInclude>
    <ClInclude Include="logmanager.h">
      <Filter>Header Files\Resource Management</Filter>
    </ClInclude>
    <ClInclude Include="texture.h">
      <Filter>Header Files\Resource Management</Filter>
    </ClInclude>
    <ClInclude Include="texturemanager.h">
      <Filter>Header Files\Resource Management</Filter>
    </ClInclude>
    <ClInclude Include="fontmanager.h">
      <Filter>Header Files\Resource Management</Filter>
    </ClInclude>
    <ClInclude Include="text.h">
      <Filter>Header Files\Resource Management</Filter>
    </ClInclude>
    <ClInclude Include="resourcemanager.h">
      <Filter>Header Files\Resource Management</Filter>
    </ClInclude>
    <ClInclude Include="label.h">
      <Filter>Header Files\GUI Elements</Filter>
    </ClInclude>
    <ClInclude Include="button.h">
      <Filter>Header Files\GUI Elements</Filter>
    </ClInclude>
    <ClInclude Include="menu.h">
      <Filter>Header Files\Menus</Filter>
    </ClInclude>
    <ClInclude Include="gamemenustate.h">
      <Filter>Header Files\Game States</Filter>
    </ClInclude>
    <ClInclude Include="background.h">
      <Filter>Header Files\Entity Objects</Filter>
    </ClInclude>
    <ClInclude Include="animatedsprite.h">
      <Filter>Header Files\SDL Render</Filter>
    </ClInclude>
    <ClInclude Include="character.h">
      <Filter>Header Files\Entity Objects</Filter>
    </ClInclude>
    <ClInclude Include="playablecharacter.h">
      <Filter>Header Files\Entity Objects</Filter>
    </ClInclude>
    <ClInclude Include="spritemanager.h">
      <Filter>Header Files\Resource Management</Filter>
    </ClInclude>
    <ClInclude Include="nonplayablecharacter.h">
      <Filter>Header Files\Entity Objects</Filter>
    </ClInclude>
    <ClInclude Include="camera.h">
      <Filter>Header Files\Entity Objects</Filter>
    </ClInclude>
  </ItemGroup>
  <ItemGroup>
    <ClCompile Include="backbuffer.cpp">
      <Filter>Source Files\SDL Render</Filter>
    </ClCompile>
    <ClCompile Include="entity.cpp">
      <Filter>Source Files\Entity Objects</Filter>
    </ClCompile>
    <ClCompile Include="sprite.cpp">
      <Filter>Source Files\SDL Render</Filter>
    </ClCompile>
    <ClCompile Include="inputhandler.cpp">
      <Filter>Source Files\Resource Management</Filter>
    </ClCompile>
    <ClCompile Include="logmanager.cpp">
      <Filter>Source Files\Resource Management</Filter>
    </ClCompile>
    <ClCompile Include="state.cpp">
      <Filter>Source Files\Game States</Filter>
    </ClCompile>
    <ClCompile Include="game.cpp">
      <Filter>Source Files\Main</Filter>
    </ClCompile>
    <ClCompile Include="main.cpp">
      <Filter>Source Files\Main</Filter>
    </ClCompile>
    <ClCompile Include="gamestate.cpp">
      <Filter>Source Files\Game States</Filter>
    </ClCompile>
    <ClCompile Include="menustate.cpp">
      <Filter>Source Files\Game States</Filter>
    </ClCompile>
    <ClCompile Include="gameutils.cpp">
      <Filter>Source Files\Utilities</Filter>
    </ClCompile>
    <ClCompile Include="uielement.cpp">
      <Filter>Source Files\GUI Elements</Filter>
    </ClCompile>
    <ClCompile Include="image.cpp">
      <Filter>Source Files\GUI Elements</Filter>
    </ClCompile>
    <ClCompile Include="texture.cpp">
      <Filter>Source Files\Resource Management</Filter>
    </ClCompile>
    <ClCompile Include="texturemanager.cpp">
      <Filter>Source Files\Resource Management</Filter>
    </ClCompile>
    <ClCompile Include="fontmanager.cpp">
      <Filter>Source Files\Resource Management</Filter>
    </ClCompile>
    <ClCompile Include="text.cpp">
      <Filter>Source Files\Resource Management</Filter>
    </ClCompile>
    <ClCompile Include="resourcemanager.cpp">
      <Filter>Source Files\Resource Management</Filter>
    </ClCompile>
    <ClCompile Include="label.cpp">
      <Filter>Source Files\GUI Elements</Filter>
    </ClCompile>
    <ClCompile Include="button.cpp">
      <Filter>Source Files\GUI Elements</Filter>
    </ClCompile>
    <ClCompile Include="menu.cpp">
      <Filter>Source Files\Menus</Filter>
    </ClCompile>
    <ClCompile Include="gamemenustate.cpp">
      <Filter>Source Files\Game States</Filter>
    </ClCompile>
    <ClCompile Include="background.cpp">
      <Filter>Source Files\Entity Objects</Filter>
    </ClCompile>
    <ClCompile Include="animatedsprite.cpp">
      <Filter>Source Files\SDL Render</Filter>
    </ClCompile>
    <ClCompile Include="character.cpp">
      <Filter>Source Files\Entity Objects</Filter>
    </ClCompile>
    <ClCompile Include="playablecharacter.cpp">
      <Filter>Source Files\Entity Objects</Filter>
    </ClCompile>
    <ClCompile Include="spritemanager.cpp">
      <Filter>Source Files\Resource Management</Filter>
    </ClCompile>
    <ClCompile Include="nonplayablecharacter.cpp">
      <Filter>Source Files\Entity Objects</Filter>
    </ClCompile>
    <ClCompile Include="camera.cpp">
      <Filter>Source Files\Entity Objects</Filter>
    </ClCompile>
  </ItemGroup>
</Project>